// !$*UTF8*$!
{
	archiveVersion = 1;
	classes = {
	};
	objectVersion = 50;
	objects = {

/* Begin PBXBuildFile section */
		0DCC963522B6873F00F08687 /* t_15.cpp in Sources */ = {isa = PBXBuildFile; fileRef = 0DCC963322B6873F00F08687 /* t_15.cpp */; };
		0DFFDF0122B6638700FBECB3 /* input.txt in CopyFiles */ = {isa = PBXBuildFile; fileRef = 0DFFDEFF22B661D700FBECB3 /* input.txt */; };
		0DFFDF0422B6648F00FBECB3 /* t_14.cpp in Sources */ = {isa = PBXBuildFile; fileRef = 0DFFDF0222B6648F00FBECB3 /* t_14.cpp */; };
		0DFFDF0922B682CF00FBECB3 /* main.cpp in Sources */ = {isa = PBXBuildFile; fileRef = 0DFFDF0822B682CF00FBECB3 /* main.cpp */; };
/* End PBXBuildFile section */

/* Begin PBXCopyFilesBuildPhase section */
		0DFFDEF322B6618D00FBECB3 /* CopyFiles */ = {
			isa = PBXCopyFilesBuildPhase;
			buildActionMask = 12;
			dstPath = "";
			dstSubfolderSpec = 16;
			files = (
				0DFFDF0122B6638700FBECB3 /* input.txt in CopyFiles */,
			);
			runOnlyForDeploymentPostprocessing = 0;
		};
/* End PBXCopyFilesBuildPhase section */

/* Begin PBXFileReference section */
		0DCC963322B6873F00F08687 /* t_15.cpp */ = {isa = PBXFileReference; lastKnownFileType = sourcecode.cpp.cpp; path = t_15.cpp; sourceTree = "<group>"; };
		0DCC963422B6873F00F08687 /* t_15.hpp */ = {isa = PBXFileReference; lastKnownFileType = sourcecode.cpp.h; path = t_15.hpp; sourceTree = "<group>"; };
		0DCC963622B68A9F00F08687 /* t_15_include.h */ = {isa = PBXFileReference; lastKnownFileType = sourcecode.c.h; path = t_15_include.h; sourceTree = "<group>"; };
		0DFFDEF522B6618D00FBECB3 /* kr_tasks */ = {isa = PBXFileReference; explicitFileType = "compiled.mach-o.executable"; includeInIndex = 0; path = kr_tasks; sourceTree = BUILT_PRODUCTS_DIR; };
		0DFFDEFF22B661D700FBECB3 /* input.txt */ = {isa = PBXFileReference; lastKnownFileType = text; path = input.txt; sourceTree = "<group>"; };
		0DFFDF0222B6648F00FBECB3 /* t_14.cpp */ = {isa = PBXFileReference; lastKnownFileType = sourcecode.cpp.cpp; path = t_14.cpp; sourceTree = "<group>"; };
		0DFFDF0322B6648F00FBECB3 /* t_14.hpp */ = {isa = PBXFileReference; lastKnownFileType = sourcecode.cpp.h; path = t_14.hpp; sourceTree = "<group>"; };
		0DFFDF0822B682CF00FBECB3 /* main.cpp */ = {isa = PBXFileReference; fileEncoding = 4; lastKnownFileType = sourcecode.cpp.cpp; path = main.cpp; sourceTree = "<group>"; };
/* End PBXFileReference section */

/* Begin PBXFrameworksBuildPhase section */
		0DFFDEF222B6618D00FBECB3 /* Frameworks */ = {
			isa = PBXFrameworksBuildPhase;
			buildActionMask = 2147483647;
			files = (
			);
			runOnlyForDeploymentPostprocessing = 0;
		};
/* End PBXFrameworksBuildPhase section */

/* Begin PBXGroup section */
		0DFFDEEC22B6618D00FBECB3 = {
			isa = PBXGroup;
			children = (
				0DFFDEF722B6618D00FBECB3 /* kr_tasks */,
				0DFFDEF622B6618D00FBECB3 /* Products */,
			);
			sourceTree = "<group>";
		};
		0DFFDEF622B6618D00FBECB3 /* Products */ = {
			isa = PBXGroup;
			children = (
				0DFFDEF522B6618D00FBECB3 /* kr_tasks */,
			);
			name = Products;
			sourceTree = "<group>";
		};
		0DFFDEF722B6618D00FBECB3 /* kr_tasks */ = {
			isa = PBXGroup;
			children = (
				0DFFDEFF22B661D700FBECB3 /* input.txt */,
				0DFFDF0222B6648F00FBECB3 /* t_14.cpp */,
				0DFFDF0322B6648F00FBECB3 /* t_14.hpp */,
				0DFFDF0822B682CF00FBECB3 /* main.cpp */,
				0DCC963622B68A9F00F08687 /* t_15_include.h */,
				0DCC963322B6873F00F08687 /* t_15.cpp */,
				0DCC963422B6873F00F08687 /* t_15.hpp */,
			);
			path = kr_tasks;
			sourceTree = "<group>";
		};
/* End PBXGroup section */

/* Begin PBXNativeTarget section */
		0DFFDEF422B6618D00FBECB3 /* kr_tasks */ = {
			isa = PBXNativeTarget;
			buildConfigurationList = 0DFFDEFC22B6618D00FBECB3 /* Build configuration list for PBXNativeTarget "kr_tasks" */;
			buildPhases = (
				0DFFDEF122B6618D00FBECB3 /* Sources */,
				0DFFDEF222B6618D00FBECB3 /* Frameworks */,
				0DFFDEF322B6618D00FBECB3 /* CopyFiles */,
			);
			buildRules = (
			);
			dependencies = (
			);
			name = kr_tasks;
			productName = t_14;
			productReference = 0DFFDEF522B6618D00FBECB3 /* kr_tasks */;
			productType = "com.apple.product-type.tool";
		};
/* End PBXNativeTarget section */

/* Begin PBXProject section */
		0DFFDEED22B6618D00FBECB3 /* Project object */ = {
			isa = PBXProject;
			attributes = {
				LastUpgradeCheck = 1020;
				ORGANIZATIONNAME = "Vladislav Khudiakov";
				TargetAttributes = {
					0DFFDEF422B6618D00FBECB3 = {
						CreatedOnToolsVersion = 10.2.1;
					};
				};
			};
			buildConfigurationList = 0DFFDEF022B6618D00FBECB3 /* Build configuration list for PBXProject "kr_tasks" */;
			compatibilityVersion = "Xcode 9.3";
			developmentRegion = en;
			hasScannedForEncodings = 0;
			knownRegions = (
				en,
			);
			mainGroup = 0DFFDEEC22B6618D00FBECB3;
			productRefGroup = 0DFFDEF622B6618D00FBECB3 /* Products */;
			projectDirPath = "";
			projectRoot = "";
			targets = (
				0DFFDEF422B6618D00FBECB3 /* kr_tasks */,
			);
		};
/* End PBXProject section */

/* Begin PBXSourcesBuildPhase section */
		0DFFDEF122B6618D00FBECB3 /* Sources */ = {
			isa = PBXSourcesBuildPhase;
			buildActionMask = 2147483647;
			files = (
				0DFFDF0422B6648F00FBECB3 /* t_14.cpp in Sources */,
				0DFFDF0922B682CF00FBECB3 /* main.cpp in Sources */,
				0DCC963522B6873F00F08687 /* t_15.cpp in Sources */,
			);
			runOnlyForDeploymentPostprocessing = 0;
		};
/* End PBXSourcesBuildPhase section */

/* Begin XCBuildConfiguration section */
		0DFFDEFA22B6618D00FBECB3 /* Debug */ = {
			isa = XCBuildConfiguration;
			buildSettings = {
				ALWAYS_SEARCH_USER_PATHS = NO;
				CLANG_ANALYZER_NONNULL = YES;
				CLANG_ANALYZER_NUMBER_OBJECT_CONVERSION = YES_AGGRESSIVE;
				CLANG_CXX_LANGUAGE_STANDARD = "gnu++14";
				CLANG_CXX_LIBRARY = "libc++";
				CLANG_ENABLE_MODULES = YES;
				CLANG_ENABLE_OBJC_ARC = YES;
				CLANG_ENABLE_OBJC_WEAK = YES;
				CLANG_WARN_BLOCK_CAPTURE_AUTORELEASING = YES;
				CLANG_WARN_BOOL_CONVERSION = YES;
				CLANG_WARN_COMMA = YES;
				CLANG_WARN_CONSTANT_CONVERSION = YES;
				CLANG_WARN_DEPRECATED_OBJC_IMPLEMENTATIONS = YES;
				CLANG_WARN_DIRECT_OBJC_ISA_USAGE = YES_ERROR;
				CLANG_WARN_DOCUMENTATION_COMMENTS = YES;
				CLANG_WARN_EMPTY_BODY = YES;
				CLANG_WARN_ENUM_CONVERSION = YES;
				CLANG_WARN_INFINITE_RECURSION = YES;
				CLANG_WARN_INT_CONVERSION = YES;
				CLANG_WARN_NON_LITERAL_NULL_CONVERSION = YES;
				CLANG_WARN_OBJC_IMPLICIT_RETAIN_SELF = YES;
				CLANG_WARN_OBJC_LITERAL_CONVERSION = YES;
				CLANG_WARN_OBJC_ROOT_CLASS = YES_ERROR;
				CLANG_WARN_RANGE_LOOP_ANALYSIS = YES;
				CLANG_WARN_STRICT_PROTOTYPES = YES;
				CLANG_WARN_SUSPICIOUS_MOVE = YES;
				CLANG_WARN_UNGUARDED_AVAILABILITY = YES_AGGRESSIVE;
				CLANG_WARN_UNREACHABLE_CODE = YES;
				CLANG_WARN__DUPLICATE_METHOD_MATCH = YES;
				CODE_SIGN_IDENTITY = "Mac Developer";
				COPY_PHASE_STRIP = NO;
				DEBUG_INFORMATION_FORMAT = dwarf;
				ENABLE_STRICT_OBJC_MSGSEND = YES;
				ENABLE_TESTABILITY = YES;
				GCC_C_LANGUAGE_STANDARD = gnu11;
				GCC_DYNAMIC_NO_PIC = NO;
				GCC_NO_COMMON_BLOCKS = YES;
				GCC_OPTIMIZATION_LEVEL = 0;
				GCC_PREPROCESSOR_DEFINITIONS = (
					"DEBUG=1",
					"$(inherited)",
				);
				GCC_WARN_64_TO_32_BIT_CONVERSION = YES;
				GCC_WARN_ABOUT_RETURN_TYPE = YES_ERROR;
				GCC_WARN_UNDECLARED_SELECTOR = YES;
				GCC_WARN_UNINITIALIZED_AUTOS = YES_AGGRESSIVE;
				GCC_WARN_UNUSED_FUNCTION = YES;
				GCC_WARN_UNUSED_VARIABLE = YES;
				MACOSX_DEPLOYMENT_TARGET = 10.14;
				MTL_ENABLE_DEBUG_INFO = INCLUDE_SOURCE;
				MTL_FAST_MATH = YES;
				ONLY_ACTIVE_ARCH = YES;
				SDKROOT = macosx;
			};
			name = Debug;
		};
		0DFFDEFB22B6618D00FBECB3 /* Release */ = {
			isa = XCBuildConfiguration;
			buildSettings = {
				ALWAYS_SEARCH_USER_PATHS = NO;
				CLANG_ANALYZER_NONNULL = YES;
				CLANG_ANALYZER_NUMBER_OBJECT_CONVERSION = YES_AGGRESSIVE;
				CLANG_CXX_LANGUAGE_STANDARD = "gnu++14";
				CLANG_CXX_LIBRARY = "libc++";
				CLANG_ENABLE_MODULES = YES;
				CLANG_ENABLE_OBJC_ARC = YES;
				CLANG_ENABLE_OBJC_WEAK = YES;
				CLANG_WARN_BLOCK_CAPTURE_AUTORELEASING = YES;
				CLANG_WARN_BOOL_CONVERSION = YES;
				CLANG_WARN_COMMA = YES;
				CLANG_WARN_CONSTANT_CONVERSION = YES;
				CLANG_WARN_DEPRECATED_OBJC_IMPLEMENTATIONS = YES;
				CLANG_WARN_DIRECT_OBJC_ISA_USAGE = YES_ERROR;
				CLANG_WARN_DOCUMENTATION_COMMENTS = YES;
				CLANG_WARN_EMPTY_BODY = YES;
				CLANG_WARN_ENUM_CONVERSION = YES;
				CLANG_WARN_INFINITE_RECURSION = YES;
				CLANG_WARN_INT_CONVERSION = YES;
				CLANG_WARN_NON_LITERAL_NULL_CONVERSION = YES;
				CLANG_WARN_OBJC_IMPLICIT_RETAIN_SELF = YES;
				CLANG_WARN_OBJC_LITERAL_CONVERSION = YES;
				CLANG_WARN_OBJC_ROOT_CLASS = YES_ERROR;
				CLANG_WARN_RANGE_LOOP_ANALYSIS = YES;
				CLANG_WARN_STRICT_PROTOTYPES = YES;
				CLANG_WARN_SUSPICIOUS_MOVE = YES;
				CLANG_WARN_UNGUARDED_AVAILABILITY = YES_AGGRESSIVE;
				CLANG_WARN_UNREACHABLE_CODE = YES;
				CLANG_WARN__DUPLICATE_METHOD_MATCH = YES;
				CODE_SIGN_IDENTITY = "Mac Developer";
				COPY_PHASE_STRIP = NO;
				DEBUG_INFORMATION_FORMAT = "dwarf-with-dsym";
				ENABLE_NS_ASSERTIONS = NO;
				ENABLE_STRICT_OBJC_MSGSEND = YES;
				GCC_C_LANGUAGE_STANDARD = gnu11;
				GCC_NO_COMMON_BLOCKS = YES;
				GCC_WARN_64_TO_32_BIT_CONVERSION = YES;
				GCC_WARN_ABOUT_RETURN_TYPE = YES_ERROR;
				GCC_WARN_UNDECLARED_SELECTOR = YES;
				GCC_WARN_UNINITIALIZED_AUTOS = YES_AGGRESSIVE;
				GCC_WARN_UNUSED_FUNCTION = YES;
				GCC_WARN_UNUSED_VARIABLE = YES;
				MACOSX_DEPLOYMENT_TARGET = 10.14;
				MTL_ENABLE_DEBUG_INFO = NO;
				MTL_FAST_MATH = YES;
				SDKROOT = macosx;
			};
			name = Release;
		};
		0DFFDEFD22B6618D00FBECB3 /* Debug */ = {
			isa = XCBuildConfiguration;
			buildSettings = {
				CODE_SIGN_STYLE = Automatic;
				DEVELOPMENT_TEAM = 7M958ZX4GY;
				PRODUCT_NAME = "$(TARGET_NAME)";
			};
			name = Debug;
		};
		0DFFDEFE22B6618D00FBECB3 /* Release */ = {
			isa = XCBuildConfiguration;
			buildSettings = {
				CODE_SIGN_STYLE = Automatic;
				DEVELOPMENT_TEAM = 7M958ZX4GY;
				PRODUCT_NAME = "$(TARGET_NAME)";
			};
			name = Release;
		};
/* End XCBuildConfiguration section */

/* Begin XCConfigurationList section */
		0DFFDEF022B6618D00FBECB3 /* Build configuration list for PBXProject "kr_tasks" */ = {
			isa = XCConfigurationList;
			buildConfigurations = (
				0DFFDEFA22B6618D00FBECB3 /* Debug */,
				0DFFDEFB22B6618D00FBECB3 /* Release */,
			);
			defaultConfigurationIsVisible = 0;
			defaultConfigurationName = Release;
		};
		0DFFDEFC22B6618D00FBECB3 /* Build configuration list for PBXNativeTarget "kr_tasks" */ = {
			isa = XCConfigurationList;
			buildConfigurations = (
				0DFFDEFD22B6618D00FBECB3 /* Debug */,
				0DFFDEFE22B6618D00FBECB3 /* Release */,
			);
			defaultConfigurationIsVisible = 0;
			defaultConfigurationName = Release;
		};
/* End XCConfigurationList section */
	};
	rootObject = 0DFFDEED22B6618D00FBECB3 /* Project object */;
}
